
Microsoft Visual Studio Solution File, Format Version 12.00
# Visual Studio 15
VisualStudioVersion = 15.0.27130.2027
MinimumVisualStudioVersion = 10.0.40219.1
Project("{FAE04EC0-301F-11D3-BF4B-00C04F79EFBC}") = "EthernetIP", "EthernetIP\EthernetIP.csproj", "{D8DF1839-D00F-4D81-ABF8-C2344E02DC2D}"
EndProject
Global
	GlobalSection(SolutionConfigurationPlatforms) = preSolution
		Debug|Any CPU = Debug|Any CPU
		Release|Any CPU = Release|Any CPU
	EndGlobalSection
	GlobalSection(ProjectConfigurationPlatforms) = postSolution
		{D8DF1839-D00F-4D81-ABF8-C2344E02DC2D}.Debug|Any CPU.ActiveCfg = Debug|Any CPU
		{D8DF1839-D00F-4D81-ABF8-C2344E02DC2D}.Debug|Any CPU.Build.0 = Debug|Any CPU
		{D8DF1839-D00F-4D81-ABF8-C2344E02DC2D}.Release|Any CPU.ActiveCfg = Release|Any CPU
		{D8DF1839-D00F-4D81-ABF8-C2344E02DC2D}.Release|Any CPU.Build.0 = Release|Any CPU
	EndGlobalSection
	GlobalSection(SolutionProperties) = preSolution
		HideSolutionNode = FALSE
	EndGlobalSection
	GlobalSection(ExtensibilityGlobals) = postSolution
		SolutionGuid = {21553445-B9AD-450E-B010-A5210FFD5040}
	EndGlobalSection
EndGlobal
